
Microsoft Visual Studio Solution File, Format Version 12.00
# Visual Studio Version 17
VisualStudioVersion = 17.4.33110.190
MinimumVisualStudioVersion = 10.0.40219.1
Project("{9A19103F-16F7-4668-BE54-9A1E7A4F7556}") = "01-NotQuiteLisp", "01-NotQuiteLisp\01-NotQuiteLisp.csproj", "{B9CC7A14-71E4-4DBE-8828-A1DF1CB7E0C9}"
EndProject
Project("{9A19103F-16F7-4668-BE54-9A1E7A4F7556}") = "02-NoMath", "02-NoMath\02-NoMath.csproj", "{092FC1D4-FC29-4332-BDAF-1874D4E1CC87}"
EndProject
Project("{9A19103F-16F7-4668-BE54-9A1E7A4F7556}") = "03-PerfectlySphericalHousesinaVacuum", "03-PerfectlySphericalHousesinaVacuum\03-PerfectlySphericalHousesinaVacuum.csproj", "{07EDC161-35D6-4C87-B05F-B29B61B79921}"
EndProject
Project("{9A19103F-16F7-4668-BE54-9A1E7A4F7556}") = "04-TheIdealStockingStuffer", "04-TheIdealStockingStuffer\04-TheIdealStockingStuffer.csproj", "{70CBB2F5-2F19-4629-8715-D0FAF9AA6B7C}"
EndProject
Project("{9A19103F-16F7-4668-BE54-9A1E7A4F7556}") = "05-DoesntHeHaveInternElvesForThis", "05-DoesntHeHaveInternElvesForThis\05-DoesntHeHaveInternElvesForThis.csproj", "{F382735B-4E54-4FCC-8E5F-393899154F70}"
EndProject
Project("{9A19103F-16F7-4668-BE54-9A1E7A4F7556}") = "06-ProbablyaFireHazard", "06-ProbablyaFireHazard\06-ProbablyaFireHazard.csproj", "{94F91F77-DCAF-45A8-95CA-3FF186BD01A6}"
EndProject
Project("{9A19103F-16F7-4668-BE54-9A1E7A4F7556}") = "07-SomeAssemblyRequired", "07-SomeAssemblyRequired\07-SomeAssemblyRequired.csproj", "{4EB96155-6744-43B4-ABF0-C5379E1E402B}"
EndProject
Project("{FAE04EC0-301F-11D3-BF4B-00C04F79EFBC}") = "08-Matchsticks", "08-Matchsticks\08-Matchsticks.csproj", "{86AB4B3E-9C09-4B8B-A1BA-774DB5CD5875}"
EndProject
Global
	GlobalSection(SolutionConfigurationPlatforms) = preSolution
		Debug|Any CPU = Debug|Any CPU
		Release|Any CPU = Release|Any CPU
	EndGlobalSection
	GlobalSection(ProjectConfigurationPlatforms) = postSolution
		{B9CC7A14-71E4-4DBE-8828-A1DF1CB7E0C9}.Debug|Any CPU.ActiveCfg = Debug|Any CPU
		{B9CC7A14-71E4-4DBE-8828-A1DF1CB7E0C9}.Debug|Any CPU.Build.0 = Debug|Any CPU
		{B9CC7A14-71E4-4DBE-8828-A1DF1CB7E0C9}.Release|Any CPU.ActiveCfg = Release|Any CPU
		{B9CC7A14-71E4-4DBE-8828-A1DF1CB7E0C9}.Release|Any CPU.Build.0 = Release|Any CPU
		{092FC1D4-FC29-4332-BDAF-1874D4E1CC87}.Debug|Any CPU.ActiveCfg = Debug|Any CPU
		{092FC1D4-FC29-4332-BDAF-1874D4E1CC87}.Debug|Any CPU.Build.0 = Debug|Any CPU
		{092FC1D4-FC29-4332-BDAF-1874D4E1CC87}.Release|Any CPU.ActiveCfg = Release|Any CPU
		{092FC1D4-FC29-4332-BDAF-1874D4E1CC87}.Release|Any CPU.Build.0 = Release|Any CPU
		{07EDC161-35D6-4C87-B05F-B29B61B79921}.Debug|Any CPU.ActiveCfg = Debug|Any CPU
		{07EDC161-35D6-4C87-B05F-B29B61B79921}.Debug|Any CPU.Build.0 = Debug|Any CPU
		{07EDC161-35D6-4C87-B05F-B29B61B79921}.Release|Any CPU.ActiveCfg = Release|Any CPU
		{07EDC161-35D6-4C87-B05F-B29B61B79921}.Release|Any CPU.Build.0 = Release|Any CPU
		{70CBB2F5-2F19-4629-8715-D0FAF9AA6B7C}.Debug|Any CPU.ActiveCfg = Debug|Any CPU
		{70CBB2F5-2F19-4629-8715-D0FAF9AA6B7C}.Debug|Any CPU.Build.0 = Debug|Any CPU
		{70CBB2F5-2F19-4629-8715-D0FAF9AA6B7C}.Release|Any CPU.ActiveCfg = Release|Any CPU
		{70CBB2F5-2F19-4629-8715-D0FAF9AA6B7C}.Release|Any CPU.Build.0 = Release|Any CPU
		{F382735B-4E54-4FCC-8E5F-393899154F70}.Debug|Any CPU.ActiveCfg = Debug|Any CPU
		{F382735B-4E54-4FCC-8E5F-393899154F70}.Debug|Any CPU.Build.0 = Debug|Any CPU
		{F382735B-4E54-4FCC-8E5F-393899154F70}.Release|Any CPU.ActiveCfg = Release|Any CPU
		{F382735B-4E54-4FCC-8E5F-393899154F70}.Release|Any CPU.Build.0 = Release|Any CPU
		{94F91F77-DCAF-45A8-95CA-3FF186BD01A6}.Debug|Any CPU.ActiveCfg = Debug|Any CPU
		{94F91F77-DCAF-45A8-95CA-3FF186BD01A6}.Debug|Any CPU.Build.0 = Debug|Any CPU
		{94F91F77-DCAF-45A8-95CA-3FF186BD01A6}.Release|Any CPU.ActiveCfg = Release|Any CPU
		{94F91F77-DCAF-45A8-95CA-3FF186BD01A6}.Release|Any CPU.Build.0 = Release|Any CPU
		{4EB96155-6744-43B4-ABF0-C5379E1E402B}.Debug|Any CPU.ActiveCfg = Debug|Any CPU
		{4EB96155-6744-43B4-ABF0-C5379E1E402B}.Debug|Any CPU.Build.0 = Debug|Any CPU
		{4EB96155-6744-43B4-ABF0-C5379E1E402B}.Release|Any CPU.ActiveCfg = Release|Any CPU
		{4EB96155-6744-43B4-ABF0-C5379E1E402B}.Release|Any CPU.Build.0 = Release|Any CPU
		{86AB4B3E-9C09-4B8B-A1BA-774DB5CD5875}.Debug|Any CPU.ActiveCfg = Debug|Any CPU
		{86AB4B3E-9C09-4B8B-A1BA-774DB5CD5875}.Debug|Any CPU.Build.0 = Debug|Any CPU
		{86AB4B3E-9C09-4B8B-A1BA-774DB5CD5875}.Release|Any CPU.ActiveCfg = Release|Any CPU
		{86AB4B3E-9C09-4B8B-A1BA-774DB5CD5875}.Release|Any CPU.Build.0 = Release|Any CPU
	EndGlobalSection
	GlobalSection(SolutionProperties) = preSolution
		HideSolutionNode = FALSE
	EndGlobalSection
	GlobalSection(ExtensibilityGlobals) = postSolution
		SolutionGuid = {3F967688-D694-4BF2-A843-0AA619AF1C89}
	EndGlobalSection
EndGlobal
